
Microsoft Visual Studio Solution File, Format Version 12.00
# Visual Studio Version 16
VisualStudioVersion = 16.0.31005.135
MinimumVisualStudioVersion = 10.0.40219.1
Project("{F2A71F9B-5D33-465A-A702-920D77279786}") = "Intro Programs", "Intro Programs.fsproj", "{B7E0DD24-853D-4B90-93D8-81AFD1B6622F}"
EndProject
Global
	GlobalSection(SolutionConfigurationPlatforms) = preSolution
		Debug|Any CPU = Debug|Any CPU
		Release|Any CPU = Release|Any CPU
	EndGlobalSection
	GlobalSection(ProjectConfigurationPlatforms) = postSolution
		{B7E0DD24-853D-4B90-93D8-81AFD1B6622F}.Debug|Any CPU.ActiveCfg = Debug|Any CPU
		{B7E0DD24-853D-4B90-93D8-81AFD1B6622F}.Debug|Any CPU.Build.0 = Debug|Any CPU
		{B7E0DD24-853D-4B90-93D8-81AFD1B6622F}.Release|Any CPU.ActiveCfg = Release|Any CPU
		{B7E0DD24-853D-4B90-93D8-81AFD1B6622F}.Release|Any CPU.Build.0 = Release|Any CPU
	EndGlobalSection
	GlobalSection(SolutionProperties) = preSolution
		HideSolutionNode = FALSE
	EndGlobalSection
	GlobalSection(ExtensibilityGlobals) = postSolution
		SolutionGuid = {FE10889D-B0BA-43AF-9A85-29ADB1E76347}
	EndGlobalSection
EndGlobal
